
Microsoft Visual Studio Solution File, Format Version 12.00
# Visual Studio Version 17
VisualStudioVersion = 17.0.31717.71
MinimumVisualStudioVersion = 15.0.26124.0
Project("{2150E333-8FDC-42A3-9474-1A3956D46DE8}") = "Solution Items", "Solution Items", "{29C81B48-7ADA-4C89-B454-45B623039C09}"
	ProjectSection(SolutionItems) = preProject
		..\.editorconfig = ..\.editorconfig
	EndProjectSection
EndProject
Project("{FAE04EC0-301F-11D3-BF4B-00C04F79EFBC}") = "ConsoleApp1", "ConsoleApp1\ConsoleApp1.csproj", "{7E936229-6181-4287-841B-2FB30ECF3ADE}"
EndProject
Project("{FAE04EC0-301F-11D3-BF4B-00C04F79EFBC}") = "Boost.Proto.Actor.Hosting.OpenTelemetry", "Boost.Proto.Actor.Hosting.OpenTelemetry\Boost.Proto.Actor.Hosting.OpenTelemetry.csproj", "{BB25E633-9DAB-4D04-860B-CDC27B9A2841}"
EndProject
Project("{FAE04EC0-301F-11D3-BF4B-00C04F79EFBC}") = "Boost.Proto.Actor.Opentelemetry", "Boost.Proto.Actor.Opentelemetry\Boost.Proto.Actor.Opentelemetry.csproj", "{E63173E6-5CEA-46A9-8001-3C9FE95F0E49}"
EndProject
Project("{FAE04EC0-301F-11D3-BF4B-00C04F79EFBC}") = "Boost.Proto.Actor.DependencyInjection", "Boost.Proto.Actor.DependencyInjection\Boost.Proto.Actor.DependencyInjection.csproj", "{98D03F31-B0F5-4149-BCA1-E630D45FC9E8}"
EndProject
Project("{FAE04EC0-301F-11D3-BF4B-00C04F79EFBC}") = "Boost.Proto.Actor.Hosting.Cluster", "Boost.Proto.Actor.Hosting.Cluster\Boost.Proto.Actor.Hosting.Cluster.csproj", "{C8399D8F-8C04-464F-9D27-F9FE918F57A7}"
EndProject
Global
	GlobalSection(SolutionConfigurationPlatforms) = preSolution
		Debug|Any CPU = Debug|Any CPU
		Release|Any CPU = Release|Any CPU
	EndGlobalSection
	GlobalSection(ProjectConfigurationPlatforms) = postSolution
		{7E936229-6181-4287-841B-2FB30ECF3ADE}.Debug|Any CPU.ActiveCfg = Debug|Any CPU
		{7E936229-6181-4287-841B-2FB30ECF3ADE}.Debug|Any CPU.Build.0 = Debug|Any CPU
		{7E936229-6181-4287-841B-2FB30ECF3ADE}.Release|Any CPU.ActiveCfg = Release|Any CPU
		{7E936229-6181-4287-841B-2FB30ECF3ADE}.Release|Any CPU.Build.0 = Release|Any CPU
		{BB25E633-9DAB-4D04-860B-CDC27B9A2841}.Debug|Any CPU.ActiveCfg = Debug|Any CPU
		{BB25E633-9DAB-4D04-860B-CDC27B9A2841}.Debug|Any CPU.Build.0 = Debug|Any CPU
		{BB25E633-9DAB-4D04-860B-CDC27B9A2841}.Release|Any CPU.ActiveCfg = Release|Any CPU
		{BB25E633-9DAB-4D04-860B-CDC27B9A2841}.Release|Any CPU.Build.0 = Release|Any CPU
		{E63173E6-5CEA-46A9-8001-3C9FE95F0E49}.Debug|Any CPU.ActiveCfg = Debug|Any CPU
		{E63173E6-5CEA-46A9-8001-3C9FE95F0E49}.Debug|Any CPU.Build.0 = Debug|Any CPU
		{E63173E6-5CEA-46A9-8001-3C9FE95F0E49}.Release|Any CPU.ActiveCfg = Release|Any CPU
		{E63173E6-5CEA-46A9-8001-3C9FE95F0E49}.Release|Any CPU.Build.0 = Release|Any CPU
		{98D03F31-B0F5-4149-BCA1-E630D45FC9E8}.Debug|Any CPU.ActiveCfg = Debug|Any CPU
		{98D03F31-B0F5-4149-BCA1-E630D45FC9E8}.Debug|Any CPU.Build.0 = Debug|Any CPU
		{98D03F31-B0F5-4149-BCA1-E630D45FC9E8}.Release|Any CPU.ActiveCfg = Release|Any CPU
		{98D03F31-B0F5-4149-BCA1-E630D45FC9E8}.Release|Any CPU.Build.0 = Release|Any CPU
		{C8399D8F-8C04-464F-9D27-F9FE918F57A7}.Debug|Any CPU.ActiveCfg = Debug|Any CPU
		{C8399D8F-8C04-464F-9D27-F9FE918F57A7}.Debug|Any CPU.Build.0 = Debug|Any CPU
		{C8399D8F-8C04-464F-9D27-F9FE918F57A7}.Release|Any CPU.ActiveCfg = Release|Any CPU
		{C8399D8F-8C04-464F-9D27-F9FE918F57A7}.Release|Any CPU.Build.0 = Release|Any CPU
	EndGlobalSection
	GlobalSection(SolutionProperties) = preSolution
		HideSolutionNode = FALSE
	EndGlobalSection
	GlobalSection(ExtensibilityGlobals) = postSolution
		SolutionGuid = {EBF86A4A-E639-4F62-AAEE-EAD045707B45}
	EndGlobalSection
EndGlobal
